// !$*UTF8*$!
{
	archiveVersion = 1;
	classes = {
	};
	objectVersion = 56;
	objects = {

/* Begin PBXBuildFile section */
		2767ECED29E149F60024A5D0 /* rinseApp.swift in Sources */ = {isa = PBXBuildFile; fileRef = 2767ECEC29E149F60024A5D0 /* rinseApp.swift */; };
		2767ECEF29E149F60024A5D0 /* ContentView.swift in Sources */ = {isa = PBXBuildFile; fileRef = 2767ECEE29E149F60024A5D0 /* ContentView.swift */; };
		2767ECF129E149FA0024A5D0 /* Assets.xcassets in Resources */ = {isa = PBXBuildFile; fileRef = 2767ECF029E149FA0024A5D0 /* Assets.xcassets */; };
		2767ECF429E149FA0024A5D0 /* Preview Assets.xcassets in Resources */ = {isa = PBXBuildFile; fileRef = 2767ECF329E149FA0024A5D0 /* Preview Assets.xcassets */; };
		2767ECFC29E1500B0024A5D0 /* BluetoothManager.swift in Sources */ = {isa = PBXBuildFile; fileRef = 2767ECFB29E1500B0024A5D0 /* BluetoothManager.swift */; };
		2767ED0129E4C5930024A5D0 /* DataModel.xcdatamodeld in Sources */ = {isa = PBXBuildFile; fileRef = 2767ECFF29E4C5930024A5D0 /* DataModel.xcdatamodeld */; };
		2767ED0529E4CDF90024A5D0 /* PersistenceController.swift in Sources */ = {isa = PBXBuildFile; fileRef = 2767ED0429E4CDF90024A5D0 /* PersistenceController.swift */; };
		2767ED0829E503B70024A5D0 /* CoreData.framework in Frameworks */ = {isa = PBXBuildFile; fileRef = 2767ED0729E503B70024A5D0 /* CoreData.framework */; };
		2794CCF129E7404300FD862A /* LineGraphView.swift in Sources */ = {isa = PBXBuildFile; fileRef = 2794CCF029E7404300FD862A /* LineGraphView.swift */; };
		27B17FC929E69DCB00355A20 /* MedicationSchedule+CoreDataClass.swift in Sources */ = {isa = PBXBuildFile; fileRef = 27B17FC729E69DCB00355A20 /* MedicationSchedule+CoreDataClass.swift */; };
		27B17FCA29E69DCB00355A20 /* MedicationSchedule+CoreDataProperties.swift in Sources */ = {isa = PBXBuildFile; fileRef = 27B17FC829E69DCB00355A20 /* MedicationSchedule+CoreDataProperties.swift */; };
		27E3F5A829E6F3E800C41FAA /* ProgressRingView.swift in Sources */ = {isa = PBXBuildFile; fileRef = 27E3F5A729E6F3E800C41FAA /* ProgressRingView.swift */; };
		27E3F5AB29E6FF2200C41FAA /* Model.xcmappingmodel in Sources */ = {isa = PBXBuildFile; fileRef = 27E3F5AA29E6FF2200C41FAA /* Model.xcmappingmodel */; };
/* End PBXBuildFile section */

/* Begin PBXFileReference section */
		2767ECE929E149F60024A5D0 /* rinse.app */ = {isa = PBXFileReference; explicitFileType = wrapper.application; includeInIndex = 0; path = rinse.app; sourceTree = BUILT_PRODUCTS_DIR; };
		2767ECEC29E149F60024A5D0 /* rinseApp.swift */ = {isa = PBXFileReference; lastKnownFileType = sourcecode.swift; path = rinseApp.swift; sourceTree = "<group>"; };
		2767ECEE29E149F60024A5D0 /* ContentView.swift */ = {isa = PBXFileReference; lastKnownFileType = sourcecode.swift; path = ContentView.swift; sourceTree = "<group>"; };
		2767ECF029E149FA0024A5D0 /* Assets.xcassets */ = {isa = PBXFileReference; lastKnownFileType = folder.assetcatalog; path = Assets.xcassets; sourceTree = "<group>"; };
		2767ECF329E149FA0024A5D0 /* Preview Assets.xcassets */ = {isa = PBXFileReference; lastKnownFileType = folder.assetcatalog; path = "Preview Assets.xcassets"; sourceTree = "<group>"; };
		2767ECFB29E1500B0024A5D0 /* BluetoothManager.swift */ = {isa = PBXFileReference; lastKnownFileType = sourcecode.swift; path = BluetoothManager.swift; sourceTree = "<group>"; };
		2767ED0029E4C5930024A5D0 /* DataModel.xcdatamodel */ = {isa = PBXFileReference; lastKnownFileType = wrapper.xcdatamodel; path = DataModel.xcdatamodel; sourceTree = "<group>"; };
		2767ED0429E4CDF90024A5D0 /* PersistenceController.swift */ = {isa = PBXFileReference; lastKnownFileType = sourcecode.swift; path = PersistenceController.swift; sourceTree = "<group>"; };
		2767ED0729E503B70024A5D0 /* CoreData.framework */ = {isa = PBXFileReference; lastKnownFileType = wrapper.framework; name = CoreData.framework; path = System/Library/Frameworks/CoreData.framework; sourceTree = SDKROOT; };
		2794CCF029E7404300FD862A /* LineGraphView.swift */ = {isa = PBXFileReference; lastKnownFileType = sourcecode.swift; path = LineGraphView.swift; sourceTree = "<group>"; };
		27B17FC729E69DCB00355A20 /* MedicationSchedule+CoreDataClass.swift */ = {isa = PBXFileReference; lastKnownFileType = sourcecode.swift; path = "MedicationSchedule+CoreDataClass.swift"; sourceTree = "<group>"; };
		27B17FC829E69DCB00355A20 /* MedicationSchedule+CoreDataProperties.swift */ = {isa = PBXFileReference; lastKnownFileType = sourcecode.swift; path = "MedicationSchedule+CoreDataProperties.swift"; sourceTree = "<group>"; };
		27E3F5A729E6F3E800C41FAA /* ProgressRingView.swift */ = {isa = PBXFileReference; lastKnownFileType = sourcecode.swift; path = ProgressRingView.swift; sourceTree = "<group>"; };
		27E3F5A929E6FE3A00C41FAA /* DataModel2.xcdatamodel */ = {isa = PBXFileReference; lastKnownFileType = wrapper.xcdatamodel; path = DataModel2.xcdatamodel; sourceTree = "<group>"; };
		27E3F5AA29E6FF2200C41FAA /* Model.xcmappingmodel */ = {isa = PBXFileReference; lastKnownFileType = wrapper.xcmappingmodel; path = Model.xcmappingmodel; sourceTree = "<group>"; };
/* End PBXFileReference section */

/* Begin PBXFrameworksBuildPhase section */
		2767ECE629E149F60024A5D0 /* Frameworks */ = {
			isa = PBXFrameworksBuildPhase;
			buildActionMask = 2147483647;
			files = (
				2767ED0829E503B70024A5D0 /* CoreData.framework in Frameworks */,
			);
			runOnlyForDeploymentPostprocessing = 0;
		};
/* End PBXFrameworksBuildPhase section */

/* Begin PBXGroup section */
		2767ECE029E149F60024A5D0 = {
			isa = PBXGroup;
			children = (
				27B17FC729E69DCB00355A20 /* MedicationSchedule+CoreDataClass.swift */,
				27B17FC829E69DCB00355A20 /* MedicationSchedule+CoreDataProperties.swift */,
				2767ECFF29E4C5930024A5D0 /* DataModel.xcdatamodeld */,
				27E3F5AA29E6FF2200C41FAA /* Model.xcmappingmodel */,
				2767ECEB29E149F60024A5D0 /* rinse */,
				2767ECEA29E149F60024A5D0 /* Products */,
				2767ED0629E503B60024A5D0 /* Frameworks */,
			);
			sourceTree = "<group>";
		};
		2767ECEA29E149F60024A5D0 /* Products */ = {
			isa = PBXGroup;
			children = (
				2767ECE929E149F60024A5D0 /* rinse.app */,
			);
			name = Products;
			sourceTree = "<group>";
		};
		2767ECEB29E149F60024A5D0 /* rinse */ = {
			isa = PBXGroup;
			children = (
				2767ECFB29E1500B0024A5D0 /* BluetoothManager.swift */,
				2767ECEC29E149F60024A5D0 /* rinseApp.swift */,
				2767ED0429E4CDF90024A5D0 /* PersistenceController.swift */,
				2794CCF029E7404300FD862A /* LineGraphView.swift */,
				27E3F5A729E6F3E800C41FAA /* ProgressRingView.swift */,
				2767ECEE29E149F60024A5D0 /* ContentView.swift */,
				2767ECF029E149FA0024A5D0 /* Assets.xcassets */,
				2767ECF229E149FA0024A5D0 /* Preview Content */,
			);
			path = rinse;
			sourceTree = "<group>";
		};
		2767ECF229E149FA0024A5D0 /* Preview Content */ = {
			isa = PBXGroup;
			children = (
				2767ECF329E149FA0024A5D0 /* Preview Assets.xcassets */,
			);
			path = "Preview Content";
			sourceTree = "<group>";
		};
		2767ED0629E503B60024A5D0 /* Frameworks */ = {
			isa = PBXGroup;
			children = (
				2767ED0729E503B70024A5D0 /* CoreData.framework */,
			);
			name = Frameworks;
			sourceTree = "<group>";
		};
/* End PBXGroup section */

/* Begin PBXNativeTarget section */
		2767ECE829E149F60024A5D0 /* rinse */ = {
			isa = PBXNativeTarget;
			buildConfigurationList = 2767ECF729E149FA0024A5D0 /* Build configuration list for PBXNativeTarget "rinse" */;
			buildPhases = (
				2767ECE529E149F60024A5D0 /* Sources */,
				2767ECE629E149F60024A5D0 /* Frameworks */,
				2767ECE729E149F60024A5D0 /* Resources */,
			);
			buildRules = (
			);
			dependencies = (
			);
			name = rinse;
			productName = rinse;
			productReference = 2767ECE929E149F60024A5D0 /* rinse.app */;
			productType = "com.apple.product-type.application";
		};
/* End PBXNativeTarget section */

/* Begin PBXProject section */
		2767ECE129E149F60024A5D0 /* Project object */ = {
			isa = PBXProject;
			attributes = {
				BuildIndependentTargetsInParallel = 1;
				LastSwiftUpdateCheck = 1430;
				LastUpgradeCheck = 1430;
				TargetAttributes = {
					2767ECE829E149F60024A5D0 = {
						CreatedOnToolsVersion = 14.3;
					};
				};
			};
			buildConfigurationList = 2767ECE429E149F60024A5D0 /* Build configuration list for PBXProject "rinse" */;
			compatibilityVersion = "Xcode 14.0";
			developmentRegion = en;
			hasScannedForEncodings = 0;
			knownRegions = (
				en,
				Base,
			);
			mainGroup = 2767ECE029E149F60024A5D0;
			productRefGroup = 2767ECEA29E149F60024A5D0 /* Products */;
			projectDirPath = "";
			projectRoot = "";
			targets = (
				2767ECE829E149F60024A5D0 /* rinse */,
			);
		};
/* End PBXProject section */

/* Begin PBXResourcesBuildPhase section */
		2767ECE729E149F60024A5D0 /* Resources */ = {
			isa = PBXResourcesBuildPhase;
			buildActionMask = 2147483647;
			files = (
				2767ECF429E149FA0024A5D0 /* Preview Assets.xcassets in Resources */,
				2767ECF129E149FA0024A5D0 /* Assets.xcassets in Resources */,
			);
			runOnlyForDeploymentPostprocessing = 0;
		};
/* End PBXResourcesBuildPhase section */

/* Begin PBXSourcesBuildPhase section */
		2767ECE529E149F60024A5D0 /* Sources */ = {
			isa = PBXSourcesBuildPhase;
			buildActionMask = 2147483647;
			files = (
				27B17FC929E69DCB00355A20 /* MedicationSchedule+CoreDataClass.swift in Sources */,
				2794CCF129E7404300FD862A /* LineGraphView.swift in Sources */,
				27E3F5A829E6F3E800C41FAA /* ProgressRingView.swift in Sources */,
				2767ECEF29E149F60024A5D0 /* ContentView.swift in Sources */,
				2767ED0129E4C5930024A5D0 /* DataModel.xcdatamodeld in Sources */,
				27B17FCA29E69DCB00355A20 /* MedicationSchedule+CoreDataProperties.swift in Sources */,
				2767ECFC29E1500B0024A5D0 /* BluetoothManager.swift in Sources */,
				2767ED0529E4CDF90024A5D0 /* PersistenceController.swift in Sources */,
				2767ECED29E149F60024A5D0 /* rinseApp.swift in Sources */,
				27E3F5AB29E6FF2200C41FAA /* Model.xcmappingmodel in Sources */,
			);
			runOnlyForDeploymentPostprocessing = 0;
		};
/* End PBXSourcesBuildPhase section */

/* Begin XCBuildConfiguration section */
		2767ECF529E149FA0024A5D0 /* Debug */ = {
			isa = XCBuildConfiguration;
			buildSettings = {
				ALWAYS_SEARCH_USER_PATHS = NO;
				CLANG_ANALYZER_NONNULL = YES;
				CLANG_ANALYZER_NUMBER_OBJECT_CONVERSION = YES_AGGRESSIVE;
				CLANG_CXX_LANGUAGE_STANDARD = "gnu++20";
				CLANG_ENABLE_MODULES = YES;
				CLANG_ENABLE_OBJC_ARC = YES;
				CLANG_ENABLE_OBJC_WEAK = YES;
				CLANG_WARN_BLOCK_CAPTURE_AUTORELEASING = YES;
				CLANG_WARN_BOOL_CONVERSION = YES;
				CLANG_WARN_COMMA = YES;
				CLANG_WARN_CONSTANT_CONVERSION = YES;
				CLANG_WARN_DEPRECATED_OBJC_IMPLEMENTATIONS = YES;
				CLANG_WARN_DIRECT_OBJC_ISA_USAGE = YES_ERROR;
				CLANG_WARN_DOCUMENTATION_COMMENTS = YES;
				CLANG_WARN_EMPTY_BODY = YES;
				CLANG_WARN_ENUM_CONVERSION = YES;
				CLANG_WARN_INFINITE_RECURSION = YES;
				CLANG_WARN_INT_CONVERSION = YES;
				CLANG_WARN_NON_LITERAL_NULL_CONVERSION = YES;
				CLANG_WARN_OBJC_IMPLICIT_RETAIN_SELF = YES;
				CLANG_WARN_OBJC_LITERAL_CONVERSION = YES;
				CLANG_WARN_OBJC_ROOT_CLASS = YES_ERROR;
				CLANG_WARN_QUOTED_INCLUDE_IN_FRAMEWORK_HEADER = YES;
				CLANG_WARN_RANGE_LOOP_ANALYSIS = YES;
				CLANG_WARN_STRICT_PROTOTYPES = YES;
				CLANG_WARN_SUSPICIOUS_MOVE = YES;
				CLANG_WARN_UNGUARDED_AVAILABILITY = YES_AGGRESSIVE;
				CLANG_WARN_UNREACHABLE_CODE = YES;
				CLANG_WARN__DUPLICATE_METHOD_MATCH = YES;
				COPY_PHASE_STRIP = NO;
				DEBUG_INFORMATION_FORMAT = dwarf;
				ENABLE_STRICT_OBJC_MSGSEND = YES;
				ENABLE_TESTABILITY = YES;
				GCC_C_LANGUAGE_STANDARD = gnu11;
				GCC_DYNAMIC_NO_PIC = NO;
				GCC_NO_COMMON_BLOCKS = YES;
				GCC_OPTIMIZATION_LEVEL = 0;
				GCC_PREPROCESSOR_DEFINITIONS = (
					"DEBUG=1",
					"$(inherited)",
				);
				GCC_WARN_64_TO_32_BIT_CONVERSION = YES;
				GCC_WARN_ABOUT_RETURN_TYPE = YES_ERROR;
				GCC_WARN_UNDECLARED_SELECTOR = YES;
				GCC_WARN_UNINITIALIZED_AUTOS = YES_AGGRESSIVE;
				GCC_WARN_UNUSED_FUNCTION = YES;
				GCC_WARN_UNUSED_VARIABLE = YES;
				IPHONEOS_DEPLOYMENT_TARGET = 16.4;
				MTL_ENABLE_DEBUG_INFO = INCLUDE_SOURCE;
				MTL_FAST_MATH = YES;
				ONLY_ACTIVE_ARCH = YES;
				SDKROOT = iphoneos;
				SWIFT_ACTIVE_COMPILATION_CONDITIONS = DEBUG;
				SWIFT_OPTIMIZATION_LEVEL = "-Onone";
			};
			name = Debug;
		};
		2767ECF629E149FA0024A5D0 /* Release */ = {
			isa = XCBuildConfiguration;
			buildSettings = {
				ALWAYS_SEARCH_USER_PATHS = NO;
				CLANG_ANALYZER_NONNULL = YES;
				CLANG_ANALYZER_NUMBER_OBJECT_CONVERSION = YES_AGGRESSIVE;
				CLANG_CXX_LANGUAGE_STANDARD = "gnu++20";
				CLANG_ENABLE_MODULES = YES;
				CLANG_ENABLE_OBJC_ARC = YES;
				CLANG_ENABLE_OBJC_WEAK = YES;
				CLANG_WARN_BLOCK_CAPTURE_AUTORELEASING = YES;
				CLANG_WARN_BOOL_CONVERSION = YES;
				CLANG_WARN_COMMA = YES;
				CLANG_WARN_CONSTANT_CONVERSION = YES;
				CLANG_WARN_DEPRECATED_OBJC_IMPLEMENTATIONS = YES;
				CLANG_WARN_DIRECT_OBJC_ISA_USAGE = YES_ERROR;
				CLANG_WARN_DOCUMENTATION_COMMENTS = YES;
				CLANG_WARN_EMPTY_BODY = YES;
				CLANG_WARN_ENUM_CONVERSION = YES;
				CLANG_WARN_INFINITE_RECURSION = YES;
				CLANG_WARN_INT_CONVERSION = YES;
				CLANG_WARN_NON_LITERAL_NULL_CONVERSION = YES;
				CLANG_WARN_OBJC_IMPLICIT_RETAIN_SELF = YES;
				CLANG_WARN_OBJC_LITERAL_CONVERSION = YES;
				CLANG_WARN_OBJC_ROOT_CLASS = YES_ERROR;
				CLANG_WARN_QUOTED_INCLUDE_IN_FRAMEWORK_HEADER = YES;
				CLANG_WARN_RANGE_LOOP_ANALYSIS = YES;
				CLANG_WARN_STRICT_PROTOTYPES = YES;
				CLANG_WARN_SUSPICIOUS_MOVE = YES;
				CLANG_WARN_UNGUARDED_AVAILABILITY = YES_AGGRESSIVE;
				CLANG_WARN_UNREACHABLE_CODE = YES;
				CLANG_WARN__DUPLICATE_METHOD_MATCH = YES;
				COPY_PHASE_STRIP = NO;
				DEBUG_INFORMATION_FORMAT = "dwarf-with-dsym";
				ENABLE_NS_ASSERTIONS = NO;
				ENABLE_STRICT_OBJC_MSGSEND = YES;
				GCC_C_LANGUAGE_STANDARD = gnu11;
				GCC_NO_COMMON_BLOCKS = YES;
				GCC_WARN_64_TO_32_BIT_CONVERSION = YES;
				GCC_WARN_ABOUT_RETURN_TYPE = YES_ERROR;
				GCC_WARN_UNDECLARED_SELECTOR = YES;
				GCC_WARN_UNINITIALIZED_AUTOS = YES_AGGRESSIVE;
				GCC_WARN_UNUSED_FUNCTION = YES;
				GCC_WARN_UNUSED_VARIABLE = YES;
				IPHONEOS_DEPLOYMENT_TARGET = 16.4;
				MTL_ENABLE_DEBUG_INFO = NO;
				MTL_FAST_MATH = YES;
				SDKROOT = iphoneos;
				SWIFT_COMPILATION_MODE = wholemodule;
				SWIFT_OPTIMIZATION_LEVEL = "-O";
				VALIDATE_PRODUCT = YES;
			};
			name = Release;
		};
		2767ECF829E149FA0024A5D0 /* Debug */ = {
			isa = XCBuildConfiguration;
			buildSettings = {
				ASSETCATALOG_COMPILER_APPICON_NAME = AppIcon;
				ASSETCATALOG_COMPILER_GLOBAL_ACCENT_COLOR_NAME = AccentColor;
				CODE_SIGN_STYLE = Automatic;
				CURRENT_PROJECT_VERSION = 1;
				DEVELOPMENT_ASSET_PATHS = "\"rinse/Preview Content\"";
				DEVELOPMENT_TEAM = 8WBYLV87Z2;
				ENABLE_PREVIEWS = YES;
				GENERATE_INFOPLIST_FILE = YES;
				INFOPLIST_FILE = rinse/Info.plist;
				INFOPLIST_KEY_NSBluetoothAlwaysUsageDescription = "Our app requires Bluetooth to connect to the sensor tracker";
				INFOPLIST_KEY_NSBluetoothPeripheralUsageDescription = "Our app requires Bluetooth to send signals to the device";
				INFOPLIST_KEY_UIApplicationSceneManifest_Generation = YES;
				INFOPLIST_KEY_UIApplicationSupportsIndirectInputEvents = YES;
				INFOPLIST_KEY_UILaunchScreen_Generation = YES;
				INFOPLIST_KEY_UISupportedInterfaceOrientations_iPad = "UIInterfaceOrientationPortrait UIInterfaceOrientationPortraitUpsideDown UIInterfaceOrientationLandscapeLeft UIInterfaceOrientationLandscapeRight";
				INFOPLIST_KEY_UISupportedInterfaceOrientations_iPhone = "UIInterfaceOrientationPortrait UIInterfaceOrientationLandscapeLeft UIInterfaceOrientationLandscapeRight";
				LD_RUNPATH_SEARCH_PATHS = (
					"$(inherited)",
					"@executable_path/Frameworks",
				);
				MARKETING_VERSION = 1.0;
				PRODUCT_BUNDLE_IDENTIFIER = BMEG357.rinse;
				PRODUCT_NAME = "$(TARGET_NAME)";
				SWIFT_EMIT_LOC_STRINGS = YES;
				SWIFT_VERSION = 5.0;
				TARGETED_DEVICE_FAMILY = "1,2";
			};
			name = Debug;
		};
		2767ECF929E149FA0024A5D0 /* Release */ = {
			isa = XCBuildConfiguration;
			buildSettings = {
				ASSETCATALOG_COMPILER_APPICON_NAME = AppIcon;
				ASSETCATALOG_COMPILER_GLOBAL_ACCENT_COLOR_NAME = AccentColor;
				CODE_SIGN_STYLE = Automatic;
				CURRENT_PROJECT_VERSION = 1;
				DEVELOPMENT_ASSET_PATHS = "\"rinse/Preview Content\"";
				DEVELOPMENT_TEAM = 8WBYLV87Z2;
				ENABLE_PREVIEWS = YES;
				GENERATE_INFOPLIST_FILE = YES;
				INFOPLIST_FILE = rinse/Info.plist;
				INFOPLIST_KEY_NSBluetoothAlwaysUsageDescription = "Our app requires Bluetooth to connect to the sensor tracker";
				INFOPLIST_KEY_NSBluetoothPeripheralUsageDescription = "Our app requires Bluetooth to send signals to the device";
				INFOPLIST_KEY_UIApplicationSceneManifest_Generation = YES;
				INFOPLIST_KEY_UIApplicationSupportsIndirectInputEvents = YES;
				INFOPLIST_KEY_UILaunchScreen_Generation = YES;
				INFOPLIST_KEY_UISupportedInterfaceOrientations_iPad = "UIInterfaceOrientationPortrait UIInterfaceOrientationPortraitUpsideDown UIInterfaceOrientationLandscapeLeft UIInterfaceOrientationLandscapeRight";
				INFOPLIST_KEY_UISupportedInterfaceOrientations_iPhone = "UIInterfaceOrientationPortrait UIInterfaceOrientationLandscapeLeft UIInterfaceOrientationLandscapeRight";
				LD_RUNPATH_SEARCH_PATHS = (
					"$(inherited)",
					"@executable_path/Frameworks",
				);
				MARKETING_VERSION = 1.0;
				PRODUCT_BUNDLE_IDENTIFIER = BMEG357.rinse;
				PRODUCT_NAME = "$(TARGET_NAME)";
				SWIFT_EMIT_LOC_STRINGS = YES;
				SWIFT_VERSION = 5.0;
				TARGETED_DEVICE_FAMILY = "1,2";
			};
			name = Release;
		};
/* End XCBuildConfiguration section */

/* Begin XCConfigurationList section */
		2767ECE429E149F60024A5D0 /* Build configuration list for PBXProject "rinse" */ = {
			isa = XCConfigurationList;
			buildConfigurations = (
				2767ECF529E149FA0024A5D0 /* Debug */,
				2767ECF629E149FA0024A5D0 /* Release */,
			);
			defaultConfigurationIsVisible = 0;
			defaultConfigurationName = Release;
		};
		2767ECF729E149FA0024A5D0 /* Build configuration list for PBXNativeTarget "rinse" */ = {
			isa = XCConfigurationList;
			buildConfigurations = (
				2767ECF829E149FA0024A5D0 /* Debug */,
				2767ECF929E149FA0024A5D0 /* Release */,
			);
			defaultConfigurationIsVisible = 0;
			defaultConfigurationName = Release;
		};
/* End XCConfigurationList section */

/* Begin XCVersionGroup section */
		2767ECFF29E4C5930024A5D0 /* DataModel.xcdatamodeld */ = {
			isa = XCVersionGroup;
			children = (
				27E3F5A929E6FE3A00C41FAA /* DataModel2.xcdatamodel */,
				2767ED0029E4C5930024A5D0 /* DataModel.xcdatamodel */,
			);
			currentVersion = 27E3F5A929E6FE3A00C41FAA /* DataModel2.xcdatamodel */;
			path = DataModel.xcdatamodeld;
			sourceTree = "<group>";
			versionGroupType = wrapper.xcdatamodel;
		};
/* End XCVersionGroup section */
	};
	rootObject = 2767ECE129E149F60024A5D0 /* Project object */;
}
